// !$*UTF8*$!
{
	archiveVersion = 1;
	classes = {
	};
	objectVersion = 50;
	objects = {

/* Begin PBXBuildFile section */
		C447A4E0220EDF340078AACA /* AppDelegate.swift in Sources */ = {isa = PBXBuildFile; fileRef = C447A4DF220EDF340078AACA /* AppDelegate.swift */; };
		C447A4E2220EDF340078AACA /* ViewController.swift in Sources */ = {isa = PBXBuildFile; fileRef = C447A4E1220EDF340078AACA /* ViewController.swift */; };
		C447A4E5220EDF340078AACA /* Main.storyboard in Resources */ = {isa = PBXBuildFile; fileRef = C447A4E3220EDF340078AACA /* Main.storyboard */; };
		C447A4E7220EDF360078AACA /* Assets.xcassets in Resources */ = {isa = PBXBuildFile; fileRef = C447A4E6220EDF360078AACA /* Assets.xcassets */; };
		C447A4EA220EDF360078AACA /* LaunchScreen.storyboard in Resources */ = {isa = PBXBuildFile; fileRef = C447A4E8220EDF360078AACA /* LaunchScreen.storyboard */; };
/* End PBXBuildFile section */

/* Begin PBXFileReference section */
		C447A4DC220EDF340078AACA /* LSHK-Cards-2-09-19.app */ = {isa = PBXFileReference; explicitFileType = wrapper.application; includeInIndex = 0; path = "LSHK-Cards-2-09-19.app"; sourceTree = BUILT_PRODUCTS_DIR; };
		C447A4DF220EDF340078AACA /* AppDelegate.swift */ = {isa = PBXFileReference; lastKnownFileType = sourcecode.swift; path = AppDelegate.swift; sourceTree = "<group>"; };
		C447A4E1220EDF340078AACA /* ViewController.swift */ = {isa = PBXFileReference; lastKnownFileType = sourcecode.swift; path = ViewController.swift; sourceTree = "<group>"; };
		C447A4E4220EDF340078AACA /* Base */ = {isa = PBXFileReference; lastKnownFileType = file.storyboard; name = Base; path = Base.lproj/Main.storyboard; sourceTree = "<group>"; };
		C447A4E6220EDF360078AACA /* Assets.xcassets */ = {isa = PBXFileReference; lastKnownFileType = folder.assetcatalog; path = Assets.xcassets; sourceTree = "<group>"; };
		C447A4E9220EDF360078AACA /* Base */ = {isa = PBXFileReference; lastKnownFileType = file.storyboard; name = Base; path = Base.lproj/LaunchScreen.storyboard; sourceTree = "<group>"; };
		C447A4EB220EDF360078AACA /* Info.plist */ = {isa = PBXFileReference; lastKnownFileType = text.plist.xml; path = Info.plist; sourceTree = "<group>"; };
/* End PBXFileReference section */

/* Begin PBXFrameworksBuildPhase section */
		C447A4D9220EDF340078AACA /* Frameworks */ = {
			isa = PBXFrameworksBuildPhase;
			buildActionMask = 2147483647;
			files = (
			);
			runOnlyForDeploymentPostprocessing = 0;
		};
/* End PBXFrameworksBuildPhase section */

/* Begin PBXGroup section */
		C447A4D3220EDF340078AACA = {
			isa = PBXGroup;
			children = (
				C447A4DE220EDF340078AACA /* LSHK-Cards-2-09-19 */,
				C447A4DD220EDF340078AACA /* Products */,
			);
			sourceTree = "<group>";
		};
		C447A4DD220EDF340078AACA /* Products */ = {
			isa = PBXGroup;
			children = (
				C447A4DC220EDF340078AACA /* LSHK-Cards-2-09-19.app */,
			);
			name = Products;
			sourceTree = "<group>";
		};
		C447A4DE220EDF340078AACA /* LSHK-Cards-2-09-19 */ = {
			isa = PBXGroup;
			children = (
				C447A4DF220EDF340078AACA /* AppDelegate.swift */,
				C447A4E1220EDF340078AACA /* ViewController.swift */,
				C447A4E3220EDF340078AACA /* Main.storyboard */,
				C447A4E6220EDF360078AACA /* Assets.xcassets */,
				C447A4E8220EDF360078AACA /* LaunchScreen.storyboard */,
				C447A4EB220EDF360078AACA /* Info.plist */,
			);
			path = "LSHK-Cards-2-09-19";
			sourceTree = "<group>";
		};
/* End PBXGroup section */

/* Begin PBXNativeTarget section */
		C447A4DB220EDF340078AACA /* LSHK-Cards-2-09-19 */ = {
			isa = PBXNativeTarget;
			buildConfigurationList = C447A4EE220EDF360078AACA /* Build configuration list for PBXNativeTarget "LSHK-Cards-2-09-19" */;
			buildPhases = (
				C447A4D8220EDF340078AACA /* Sources */,
				C447A4D9220EDF340078AACA /* Frameworks */,
				C447A4DA220EDF340078AACA /* Resources */,
			);
			buildRules = (
			);
			dependencies = (
			);
			name = "LSHK-Cards-2-09-19";
			productName = "LSHK-Cards-2-09-19";
			productReference = C447A4DC220EDF340078AACA /* LSHK-Cards-2-09-19.app */;
			productType = "com.apple.product-type.application";
		};
/* End PBXNativeTarget section */

/* Begin PBXProject section */
		C447A4D4220EDF340078AACA /* Project object */ = {
			isa = PBXProject;
			attributes = {
				LastSwiftUpdateCheck = 1010;
				LastUpgradeCheck = 1010;
				ORGANIZATIONNAME = timothyng;
				TargetAttributes = {
					C447A4DB220EDF340078AACA = {
						CreatedOnToolsVersion = 10.1;
					};
				};
			};
			buildConfigurationList = C447A4D7220EDF340078AACA /* Build configuration list for PBXProject "LSHK-Cards-2-09-19" */;
			compatibilityVersion = "Xcode 9.3";
			developmentRegion = en;
			hasScannedForEncodings = 0;
			knownRegions = (
				en,
				Base,
			);
			mainGroup = C447A4D3220EDF340078AACA;
			productRefGroup = C447A4DD220EDF340078AACA /* Products */;
			projectDirPath = "";
			projectRoot = "";
			targets = (
				C447A4DB220EDF340078AACA /* LSHK-Cards-2-09-19 */,
			);
		};
/* End PBXProject section */

/* Begin PBXResourcesBuildPhase section */
		C447A4DA220EDF340078AACA /* Resources */ = {
			isa = PBXResourcesBuildPhase;
			buildActionMask = 2147483647;
			files = (
				C447A4EA220EDF360078AACA /* LaunchScreen.storyboard in Resources */,
				C447A4E7220EDF360078AACA /* Assets.xcassets in Resources */,
				C447A4E5220EDF340078AACA /* Main.storyboard in Resources */,
			);
			runOnlyForDeploymentPostprocessing = 0;
		};
/* End PBXResourcesBuildPhase section */

/* Begin PBXSourcesBuildPhase section */
		C447A4D8220EDF340078AACA /* Sources */ = {
			isa = PBXSourcesBuildPhase;
			buildActionMask = 2147483647;
			files = (
				C447A4E2220EDF340078AACA /* ViewController.swift in Sources */,
				C447A4E0220EDF340078AACA /* AppDelegate.swift in Sources */,
			);
			runOnlyForDeploymentPostprocessing = 0;
		};
/* End PBXSourcesBuildPhase section */

/* Begin PBXVariantGroup section */
		C447A4E3220EDF340078AACA /* Main.storyboard */ = {
			isa = PBXVariantGroup;
			children = (
				C447A4E4220EDF340078AACA /* Base */,
			);
			name = Main.storyboard;
			sourceTree = "<group>";
		};
		C447A4E8220EDF360078AACA /* LaunchScreen.storyboard */ = {
			isa = PBXVariantGroup;
			children = (
				C447A4E9220EDF360078AACA /* Base */,
			);
			name = LaunchScreen.storyboard;
			sourceTree = "<group>";
		};
/* End PBXVariantGroup section */

/* Begin XCBuildConfiguration section */
		C447A4EC220EDF360078AACA /* Debug */ = {
			isa = XCBuildConfiguration;
			buildSettings = {
				ALWAYS_SEARCH_USER_PATHS = NO;
				CLANG_ANALYZER_NONNULL = YES;
				CLANG_ANALYZER_NUMBER_OBJECT_CONVERSION = YES_AGGRESSIVE;
				CLANG_CXX_LANGUAGE_STANDARD = "gnu++14";
				CLANG_CXX_LIBRARY = "libc++";
				CLANG_ENABLE_MODULES = YES;
				CLANG_ENABLE_OBJC_ARC = YES;
				CLANG_ENABLE_OBJC_WEAK = YES;
				CLANG_WARN_BLOCK_CAPTURE_AUTORELEASING = YES;
				CLANG_WARN_BOOL_CONVERSION = YES;
				CLANG_WARN_COMMA = YES;
				CLANG_WARN_CONSTANT_CONVERSION = YES;
				CLANG_WARN_DEPRECATED_OBJC_IMPLEMENTATIONS = YES;
				CLANG_WARN_DIRECT_OBJC_ISA_USAGE = YES_ERROR;
				CLANG_WARN_DOCUMENTATION_COMMENTS = YES;
				CLANG_WARN_EMPTY_BODY = YES;
				CLANG_WARN_ENUM_CONVERSION = YES;
				CLANG_WARN_INFINITE_RECURSION = YES;
				CLANG_WARN_INT_CONVERSION = YES;
				CLANG_WARN_NON_LITERAL_NULL_CONVERSION = YES;
				CLANG_WARN_OBJC_IMPLICIT_RETAIN_SELF = YES;
				CLANG_WARN_OBJC_LITERAL_CONVERSION = YES;
				CLANG_WARN_OBJC_ROOT_CLASS = YES_ERROR;
				CLANG_WARN_RANGE_LOOP_ANALYSIS = YES;
				CLANG_WARN_STRICT_PROTOTYPES = YES;
				CLANG_WARN_SUSPICIOUS_MOVE = YES;
				CLANG_WARN_UNGUARDED_AVAILABILITY = YES_AGGRESSIVE;
				CLANG_WARN_UNREACHABLE_CODE = YES;
				CLANG_WARN__DUPLICATE_METHOD_MATCH = YES;
				CODE_SIGN_IDENTITY = "iPhone Developer";
				COPY_PHASE_STRIP = NO;
				DEBUG_INFORMATION_FORMAT = dwarf;
				ENABLE_STRICT_OBJC_MSGSEND = YES;
				ENABLE_TESTABILITY = YES;
				GCC_C_LANGUAGE_STANDARD = gnu11;
				GCC_DYNAMIC_NO_PIC = NO;
				GCC_NO_COMMON_BLOCKS = YES;
				GCC_OPTIMIZATION_LEVEL = 0;
				GCC_PREPROCESSOR_DEFINITIONS = (
					"DEBUG=1",
					"$(inherited)",
				);
				GCC_WARN_64_TO_32_BIT_CONVERSION = YES;
				GCC_WARN_ABOUT_RETURN_TYPE = YES_ERROR;
				GCC_WARN_UNDECLARED_SELECTOR = YES;
				GCC_WARN_UNINITIALIZED_AUTOS = YES_AGGRESSIVE;
				GCC_WARN_UNUSED_FUNCTION = YES;
				GCC_WARN_UNUSED_VARIABLE = YES;
				IPHONEOS_DEPLOYMENT_TARGET = 12.1;
				MTL_ENABLE_DEBUG_INFO = INCLUDE_SOURCE;
				MTL_FAST_MATH = YES;
				ONLY_ACTIVE_ARCH = YES;
				SDKROOT = iphoneos;
				SWIFT_ACTIVE_COMPILATION_CONDITIONS = DEBUG;
				SWIFT_OPTIMIZATION_LEVEL = "-Onone";
			};
			name = Debug;
		};
		C447A4ED220EDF360078AACA /* Release */ = {
			isa = XCBuildConfiguration;
			buildSettings = {
				ALWAYS_SEARCH_USER_PATHS = NO;
				CLANG_ANALYZER_NONNULL = YES;
				CLANG_ANALYZER_NUMBER_OBJECT_CONVERSION = YES_AGGRESSIVE;
				CLANG_CXX_LANGUAGE_STANDARD = "gnu++14";
				CLANG_CXX_LIBRARY = "libc++";
				CLANG_ENABLE_MODULES = YES;
				CLANG_ENABLE_OBJC_ARC = YES;
				CLANG_ENABLE_OBJC_WEAK = YES;
				CLANG_WARN_BLOCK_CAPTURE_AUTORELEASING = YES;
				CLANG_WARN_BOOL_CONVERSION = YES;
				CLANG_WARN_COMMA = YES;
				CLANG_WARN_CONSTANT_CONVERSION = YES;
				CLANG_WARN_DEPRECATED_OBJC_IMPLEMENTATIONS = YES;
				CLANG_WARN_DIRECT_OBJC_ISA_USAGE = YES_ERROR;
				CLANG_WARN_DOCUMENTATION_COMMENTS = YES;
				CLANG_WARN_EMPTY_BODY = YES;
				CLANG_WARN_ENUM_CONVERSION = YES;
				CLANG_WARN_INFINITE_RECURSION = YES;
				CLANG_WARN_INT_CONVERSION = YES;
				CLANG_WARN_NON_LITERAL_NULL_CONVERSION = YES;
				CLANG_WARN_OBJC_IMPLICIT_RETAIN_SELF = YES;
				CLANG_WARN_OBJC_LITERAL_CONVERSION = YES;
				CLANG_WARN_OBJC_ROOT_CLASS = YES_ERROR;
				CLANG_WARN_RANGE_LOOP_ANALYSIS = YES;
				CLANG_WARN_STRICT_PROTOTYPES = YES;
				CLANG_WARN_SUSPICIOUS_MOVE = YES;
				CLANG_WARN_UNGUARDED_AVAILABILITY = YES_AGGRESSIVE;
				CLANG_WARN_UNREACHABLE_CODE = YES;
				CLANG_WARN__DUPLICATE_METHOD_MATCH = YES;
				CODE_SIGN_IDENTITY = "iPhone Developer";
				COPY_PHASE_STRIP = NO;
				DEBUG_INFORMATION_FORMAT = "dwarf-with-dsym";
				ENABLE_NS_ASSERTIONS = NO;
				ENABLE_STRICT_OBJC_MSGSEND = YES;
				GCC_C_LANGUAGE_STANDARD = gnu11;
				GCC_NO_COMMON_BLOCKS = YES;
				GCC_WARN_64_TO_32_BIT_CONVERSION = YES;
				GCC_WARN_ABOUT_RETURN_TYPE = YES_ERROR;
				GCC_WARN_UNDECLARED_SELECTOR = YES;
				GCC_WARN_UNINITIALIZED_AUTOS = YES_AGGRESSIVE;
				GCC_WARN_UNUSED_FUNCTION = YES;
				GCC_WARN_UNUSED_VARIABLE = YES;
				IPHONEOS_DEPLOYMENT_TARGET = 12.1;
				MTL_ENABLE_DEBUG_INFO = NO;
				MTL_FAST_MATH = YES;
				SDKROOT = iphoneos;
				SWIFT_COMPILATION_MODE = wholemodule;
				SWIFT_OPTIMIZATION_LEVEL = "-O";
				VALIDATE_PRODUCT = YES;
			};
			name = Release;
		};
		C447A4EF220EDF360078AACA /* Debug */ = {
			isa = XCBuildConfiguration;
			buildSettings = {
				ASSETCATALOG_COMPILER_APPICON_NAME = AppIcon;
				CODE_SIGN_STYLE = Automatic;
				DEVELOPMENT_TEAM = 8FEPG5HWR5;
				INFOPLIST_FILE = "LSHK-Cards-2-09-19/Info.plist";
				LD_RUNPATH_SEARCH_PATHS = (
					"$(inherited)",
					"@executable_path/Frameworks",
				);
				PRODUCT_BUNDLE_IDENTIFIER = "com.timothyng.LSHK-Cards-2-09-19";
				PRODUCT_NAME = "$(TARGET_NAME)";
				SWIFT_VERSION = 4.2;
				TARGETED_DEVICE_FAMILY = "1,2";
			};
			name = Debug;
		};
		C447A4F0220EDF360078AACA /* Release */ = {
			isa = XCBuildConfiguration;
			buildSettings = {
				ASSETCATALOG_COMPILER_APPICON_NAME = AppIcon;
				CODE_SIGN_STYLE = Automatic;
				DEVELOPMENT_TEAM = 8FEPG5HWR5;
				INFOPLIST_FILE = "LSHK-Cards-2-09-19/Info.plist";
				LD_RUNPATH_SEARCH_PATHS = (
					"$(inherited)",
					"@executable_path/Frameworks",
				);
				PRODUCT_BUNDLE_IDENTIFIER = "com.timothyng.LSHK-Cards-2-09-19";
				PRODUCT_NAME = "$(TARGET_NAME)";
				SWIFT_VERSION = 4.2;
				TARGETED_DEVICE_FAMILY = "1,2";
			};
			name = Release;
		};
/* End XCBuildConfiguration section */

/* Begin XCConfigurationList section */
		C447A4D7220EDF340078AACA /* Build configuration list for PBXProject "LSHK-Cards-2-09-19" */ = {
			isa = XCConfigurationList;
			buildConfigurations = (
				C447A4EC220EDF360078AACA /* Debug */,
				C447A4ED220EDF360078AACA /* Release */,
			);
			defaultConfigurationIsVisible = 0;
			defaultConfigurationName = Release;
		};
		C447A4EE220EDF360078AACA /* Build configuration list for PBXNativeTarget "LSHK-Cards-2-09-19" */ = {
			isa = XCConfigurationList;
			buildConfigurations = (
				C447A4EF220EDF360078AACA /* Debug */,
				C447A4F0220EDF360078AACA /* Release */,
			);
			defaultConfigurationIsVisible = 0;
			defaultConfigurationName = Release;
		};
/* End XCConfigurationList section */
	};
	rootObject = C447A4D4220EDF340078AACA /* Project object */;
}
